
Microsoft Visual Studio Solution File, Format Version 12.00
# Visual Studio 15
VisualStudioVersion = 15.0.27004.2008
MinimumVisualStudioVersion = 10.0.40219.1
Project("{FAE04EC0-301F-11D3-BF4B-00C04F79EFBC}") = "CompetitionProject", "CompetitionProject.csproj", "{1EFC2A00-B67D-46A1-82D9-B3FD4455BD16}"
EndProject
Global
	GlobalSection(SolutionConfigurationPlatforms) = preSolution
		Debug|Any CPU = Debug|Any CPU
		Release|Any CPU = Release|Any CPU
	EndGlobalSection
	GlobalSection(ProjectConfigurationPlatforms) = postSolution
		{1EFC2A00-B67D-46A1-82D9-B3FD4455BD16}.Debug|Any CPU.ActiveCfg = Debug|Any CPU
		{1EFC2A00-B67D-46A1-82D9-B3FD4455BD16}.Debug|Any CPU.Build.0 = Debug|Any CPU
		{1EFC2A00-B67D-46A1-82D9-B3FD4455BD16}.Release|Any CPU.ActiveCfg = Debug|Any CPU
		{1EFC2A00-B67D-46A1-82D9-B3FD4455BD16}.Release|Any CPU.Build.0 = Debug|Any CPU
	EndGlobalSection
	GlobalSection(SolutionProperties) = preSolution
		HideSolutionNode = FALSE
	EndGlobalSection
	GlobalSection(ExtensibilityGlobals) = postSolution
		SolutionGuid = {4854ABF0-D69A-44AA-82ED-CDCFAAC3390B}
	EndGlobalSection
EndGlobal
